
Microsoft Visual Studio Solution File, Format Version 12.00
# Visual Studio Version 16
VisualStudioVersion = 16.0.32630.194
MinimumVisualStudioVersion = 10.0.40219.1
Project("{FAE04EC0-301F-11D3-BF4B-00C04F79EFBC}") = "Modbus_Programmer", "Modbus_Programmer\Modbus_Programmer.csproj", "{C01F3A0F-7B7B-4B92-A901-D6F771787B3D}"
EndProject
Global
	GlobalSection(SolutionConfigurationPlatforms) = preSolution
		Debug|Any CPU = Debug|Any CPU
		Release|Any CPU = Release|Any CPU
	EndGlobalSection
	GlobalSection(ProjectConfigurationPlatforms) = postSolution
		{C01F3A0F-7B7B-4B92-A901-D6F771787B3D}.Debug|Any CPU.ActiveCfg = Debug|Any CPU
		{C01F3A0F-7B7B-4B92-A901-D6F771787B3D}.Debug|Any CPU.Build.0 = Debug|Any CPU
		{C01F3A0F-7B7B-4B92-A901-D6F771787B3D}.Release|Any CPU.ActiveCfg = Release|Any CPU
		{C01F3A0F-7B7B-4B92-A901-D6F771787B3D}.Release|Any CPU.Build.0 = Release|Any CPU
	EndGlobalSection
	GlobalSection(SolutionProperties) = preSolution
		HideSolutionNode = FALSE
	EndGlobalSection
	GlobalSection(ExtensibilityGlobals) = postSolution
		SolutionGuid = {1F4F85EE-B300-423C-9C88-FD1439E463AF}
	EndGlobalSection
EndGlobal
